// !$*UTF8*$!
{
	archiveVersion = 1;
	classes = {
	};
	objectVersion = 77;
	objects = {

/* Begin PBXBuildFile section */
		6BD7497E2DF60A6900C07382 /* UnitTests.xctestplan in Resources */ = {isa = PBXBuildFile; fileRef = 6BD7497D2DF60A6900C07382 /* UnitTests.xctestplan */; };
		6BD749822DF60B1E00C07382 /* AllTests.xctestplan in Resources */ = {isa = PBXBuildFile; fileRef = 6BD749812DF60B1E00C07382 /* AllTests.xctestplan */; };
		6BFBA23C2E070F50005242F4 /* FirebaseAnalyticsOnDeviceConversion in Frameworks */ = {isa = PBXBuildFile; productRef = 6BFBA23B2E070F50005242F4 /* FirebaseAnalyticsOnDeviceConversion */; };
		6BFBA23F2E0710FA005242F4 /* FirebaseAuth in Frameworks */ = {isa = PBXBuildFile; productRef = 6BFBA23E2E0710FA005242F4 /* FirebaseAuth */; };
		6BFBA2412E0710FA005242F4 /* FirebaseCore in Frameworks */ = {isa = PBXBuildFile; productRef = 6BFBA2402E0710FA005242F4 /* FirebaseCore */; };
		6BFBA2442E071CAF005242F4 /* FirebaseFirestore in Frameworks */ = {isa = PBXBuildFile; productRef = 6BFBA2432E071CAF005242F4 /* FirebaseFirestore */; };
/* End PBXBuildFile section */

/* Begin PBXContainerItemProxy section */
		6BD1F3052DECC4F900B7C7E1 /* PBXContainerItemProxy */ = {
			isa = PBXContainerItemProxy;
			containerPortal = 6BD1F2EB2DECC4F800B7C7E1 /* Project object */;
			proxyType = 1;
			remoteGlobalIDString = 6BD1F2F22DECC4F800B7C7E1;
			remoteInfo = Domori;
		};
		6BD1F30F2DECC4F900B7C7E1 /* PBXContainerItemProxy */ = {
			isa = PBXContainerItemProxy;
			containerPortal = 6BD1F2EB2DECC4F800B7C7E1 /* Project object */;
			proxyType = 1;
			remoteGlobalIDString = 6BD1F2F22DECC4F800B7C7E1;
			remoteInfo = Domori;
		};
/* End PBXContainerItemProxy section */

/* Begin PBXFileReference section */
		6BD1F2F32DECC4F800B7C7E1 /* Domori.app */ = {isa = PBXFileReference; explicitFileType = wrapper.application; includeInIndex = 0; path = Domori.app; sourceTree = BUILT_PRODUCTS_DIR; };
		6BD1F3042DECC4F900B7C7E1 /* DomoriTests.xctest */ = {isa = PBXFileReference; explicitFileType = wrapper.cfbundle; includeInIndex = 0; path = DomoriTests.xctest; sourceTree = BUILT_PRODUCTS_DIR; };
		6BD1F30E2DECC4F900B7C7E1 /* DomoriUITests.xctest */ = {isa = PBXFileReference; explicitFileType = wrapper.cfbundle; includeInIndex = 0; path = DomoriUITests.xctest; sourceTree = BUILT_PRODUCTS_DIR; };
		6BD7497D2DF60A6900C07382 /* UnitTests.xctestplan */ = {isa = PBXFileReference; lastKnownFileType = text; path = UnitTests.xctestplan; sourceTree = "<group>"; };
		6BD749812DF60B1E00C07382 /* AllTests.xctestplan */ = {isa = PBXFileReference; lastKnownFileType = text; path = AllTests.xctestplan; sourceTree = "<group>"; };
/* End PBXFileReference section */

/* Begin PBXFileSystemSynchronizedBuildFileExceptionSet section */
		6BD1F3162DECC4F900B7C7E1 /* Exceptions for "Domori" folder in "Domori" target */ = {
			isa = PBXFileSystemSynchronizedBuildFileExceptionSet;
			membershipExceptions = (
				Info.plist,
			);
			target = 6BD1F2F22DECC4F800B7C7E1 /* Domori */;
		};
/* End PBXFileSystemSynchronizedBuildFileExceptionSet section */

/* Begin PBXFileSystemSynchronizedRootGroup section */
		6BD1F2F52DECC4F800B7C7E1 /* Domori */ = {
			isa = PBXFileSystemSynchronizedRootGroup;
			exceptions = (
				6BD1F3162DECC4F900B7C7E1 /* Exceptions for "Domori" folder in "Domori" target */,
			);
			path = Domori;
			sourceTree = "<group>";
		};
		6BD1F3072DECC4F900B7C7E1 /* DomoriTests */ = {
			isa = PBXFileSystemSynchronizedRootGroup;
			path = DomoriTests;
			sourceTree = "<group>";
		};
		6BD1F3112DECC4F900B7C7E1 /* DomoriUITests */ = {
			isa = PBXFileSystemSynchronizedRootGroup;
			path = DomoriUITests;
			sourceTree = "<group>";
		};
/* End PBXFileSystemSynchronizedRootGroup section */

/* Begin PBXFrameworksBuildPhase section */
		6BD1F2F02DECC4F800B7C7E1 /* Frameworks */ = {
			isa = PBXFrameworksBuildPhase;
			buildActionMask = 2147483647;
			files = (
				6BFBA23C2E070F50005242F4 /* FirebaseAnalyticsOnDeviceConversion in Frameworks */,
				6BFBA2442E071CAF005242F4 /* FirebaseFirestore in Frameworks */,
				6BFBA2412E0710FA005242F4 /* FirebaseCore in Frameworks */,
				6BFBA23F2E0710FA005242F4 /* FirebaseAuth in Frameworks */,
			);
			runOnlyForDeploymentPostprocessing = 0;
		};
		6BD1F3012DECC4F900B7C7E1 /* Frameworks */ = {
			isa = PBXFrameworksBuildPhase;
			buildActionMask = 2147483647;
			files = (
			);
			runOnlyForDeploymentPostprocessing = 0;
		};
		6BD1F30B2DECC4F900B7C7E1 /* Frameworks */ = {
			isa = PBXFrameworksBuildPhase;
			buildActionMask = 2147483647;
			files = (
			);
			runOnlyForDeploymentPostprocessing = 0;
		};
/* End PBXFrameworksBuildPhase section */

/* Begin PBXGroup section */
		6BD1F2EA2DECC4F800B7C7E1 = {
			isa = PBXGroup;
			children = (
				6BD7497D2DF60A6900C07382 /* UnitTests.xctestplan */,
				6BD749812DF60B1E00C07382 /* AllTests.xctestplan */,
				6BD1F2F52DECC4F800B7C7E1 /* Domori */,
				6BD1F3072DECC4F900B7C7E1 /* DomoriTests */,
				6BD1F3112DECC4F900B7C7E1 /* DomoriUITests */,
				6BFBA23D2E0710FA005242F4 /* Frameworks */,
				6BD1F2F42DECC4F800B7C7E1 /* Products */,
			);
			sourceTree = "<group>";
		};
		6BD1F2F42DECC4F800B7C7E1 /* Products */ = {
			isa = PBXGroup;
			children = (
				6BD1F2F32DECC4F800B7C7E1 /* Domori.app */,
				6BD1F3042DECC4F900B7C7E1 /* DomoriTests.xctest */,
				6BD1F30E2DECC4F900B7C7E1 /* DomoriUITests.xctest */,
			);
			name = Products;
			sourceTree = "<group>";
		};
		6BFBA23D2E0710FA005242F4 /* Frameworks */ = {
			isa = PBXGroup;
			children = (
			);
			name = Frameworks;
			sourceTree = "<group>";
		};
/* End PBXGroup section */

/* Begin PBXNativeTarget section */
		6BD1F2F22DECC4F800B7C7E1 /* Domori */ = {
			isa = PBXNativeTarget;
			buildConfigurationList = 6BD1F3172DECC4F900B7C7E1 /* Build configuration list for PBXNativeTarget "Domori" */;
			buildPhases = (
				6BD1F2EF2DECC4F800B7C7E1 /* Sources */,
				6BD1F2F02DECC4F800B7C7E1 /* Frameworks */,
				6BD1F2F12DECC4F800B7C7E1 /* Resources */,
			);
			buildRules = (
			);
			dependencies = (
			);
			fileSystemSynchronizedGroups = (
				6BD1F2F52DECC4F800B7C7E1 /* Domori */,
			);
			name = Domori;
			packageProductDependencies = (
				6BFBA23B2E070F50005242F4 /* FirebaseAnalyticsOnDeviceConversion */,
				6BFBA23E2E0710FA005242F4 /* FirebaseAuth */,
				6BFBA2402E0710FA005242F4 /* FirebaseCore */,
				6BFBA2432E071CAF005242F4 /* FirebaseFirestore */,
			);
			productName = Domori;
			productReference = 6BD1F2F32DECC4F800B7C7E1 /* Domori.app */;
			productType = "com.apple.product-type.application";
		};
		6BD1F3032DECC4F900B7C7E1 /* DomoriTests */ = {
			isa = PBXNativeTarget;
			buildConfigurationList = 6BD1F31C2DECC4F900B7C7E1 /* Build configuration list for PBXNativeTarget "DomoriTests" */;
			buildPhases = (
				6BD1F3002DECC4F900B7C7E1 /* Sources */,
				6BD1F3012DECC4F900B7C7E1 /* Frameworks */,
				6BD1F3022DECC4F900B7C7E1 /* Resources */,
			);
			buildRules = (
			);
			dependencies = (
				6BD1F3062DECC4F900B7C7E1 /* PBXTargetDependency */,
			);
			fileSystemSynchronizedGroups = (
				6BD1F3072DECC4F900B7C7E1 /* DomoriTests */,
			);
			name = DomoriTests;
			packageProductDependencies = (
			);
			productName = DomoriTests;
			productReference = 6BD1F3042DECC4F900B7C7E1 /* DomoriTests.xctest */;
			productType = "com.apple.product-type.bundle.unit-test";
		};
		6BD1F30D2DECC4F900B7C7E1 /* DomoriUITests */ = {
			isa = PBXNativeTarget;
			buildConfigurationList = 6BD1F31F2DECC4F900B7C7E1 /* Build configuration list for PBXNativeTarget "DomoriUITests" */;
			buildPhases = (
				6BD1F30A2DECC4F900B7C7E1 /* Sources */,
				6BD1F30B2DECC4F900B7C7E1 /* Frameworks */,
				6BD1F30C2DECC4F900B7C7E1 /* Resources */,
			);
			buildRules = (
			);
			dependencies = (
				6BD1F3102DECC4F900B7C7E1 /* PBXTargetDependency */,
			);
			fileSystemSynchronizedGroups = (
				6BD1F3112DECC4F900B7C7E1 /* DomoriUITests */,
			);
			name = DomoriUITests;
			packageProductDependencies = (
			);
			productName = DomoriUITests;
			productReference = 6BD1F30E2DECC4F900B7C7E1 /* DomoriUITests.xctest */;
			productType = "com.apple.product-type.bundle.ui-testing";
		};
/* End PBXNativeTarget section */

/* Begin PBXProject section */
		6BD1F2EB2DECC4F800B7C7E1 /* Project object */ = {
			isa = PBXProject;
			attributes = {
				BuildIndependentTargetsInParallel = 1;
				LastSwiftUpdateCheck = 1640;
				LastUpgradeCheck = 1640;
				TargetAttributes = {
					6BD1F2F22DECC4F800B7C7E1 = {
						CreatedOnToolsVersion = 16.4;
					};
					6BD1F3032DECC4F900B7C7E1 = {
						CreatedOnToolsVersion = 16.4;
						TestTargetID = 6BD1F2F22DECC4F800B7C7E1;
					};
					6BD1F30D2DECC4F900B7C7E1 = {
						CreatedOnToolsVersion = 16.4;
						TestTargetID = 6BD1F2F22DECC4F800B7C7E1;
					};
				};
			};
			buildConfigurationList = 6BD1F2EE2DECC4F800B7C7E1 /* Build configuration list for PBXProject "Domori" */;
			developmentRegion = en;
			hasScannedForEncodings = 0;
			knownRegions = (
				en,
				Base,
			);
			mainGroup = 6BD1F2EA2DECC4F800B7C7E1;
			minimizedProjectReferenceProxies = 1;
			packageReferences = (
				6BFBA23A2E070F50005242F4 /* XCRemoteSwiftPackageReference "firebase-ios-sdk" */,
			);
			preferredProjectObjectVersion = 77;
			productRefGroup = 6BD1F2F42DECC4F800B7C7E1 /* Products */;
			projectDirPath = "";
			projectRoot = "";
			targets = (
				6BD1F2F22DECC4F800B7C7E1 /* Domori */,
				6BD1F3032DECC4F900B7C7E1 /* DomoriTests */,
				6BD1F30D2DECC4F900B7C7E1 /* DomoriUITests */,
			);
		};
/* End PBXProject section */

/* Begin PBXResourcesBuildPhase section */
		6BD1F2F12DECC4F800B7C7E1 /* Resources */ = {
			isa = PBXResourcesBuildPhase;
			buildActionMask = 2147483647;
			files = (
				6BD7497E2DF60A6900C07382 /* UnitTests.xctestplan in Resources */,
				6BD749822DF60B1E00C07382 /* AllTests.xctestplan in Resources */,
			);
			runOnlyForDeploymentPostprocessing = 0;
		};
		6BD1F3022DECC4F900B7C7E1 /* Resources */ = {
			isa = PBXResourcesBuildPhase;
			buildActionMask = 2147483647;
			files = (
			);
			runOnlyForDeploymentPostprocessing = 0;
		};
		6BD1F30C2DECC4F900B7C7E1 /* Resources */ = {
			isa = PBXResourcesBuildPhase;
			buildActionMask = 2147483647;
			files = (
			);
			runOnlyForDeploymentPostprocessing = 0;
		};
/* End PBXResourcesBuildPhase section */

/* Begin PBXSourcesBuildPhase section */
		6BD1F2EF2DECC4F800B7C7E1 /* Sources */ = {
			isa = PBXSourcesBuildPhase;
			buildActionMask = 2147483647;
			files = (
			);
			runOnlyForDeploymentPostprocessing = 0;
		};
		6BD1F3002DECC4F900B7C7E1 /* Sources */ = {
			isa = PBXSourcesBuildPhase;
			buildActionMask = 2147483647;
			files = (
			);
			runOnlyForDeploymentPostprocessing = 0;
		};
		6BD1F30A2DECC4F900B7C7E1 /* Sources */ = {
			isa = PBXSourcesBuildPhase;
			buildActionMask = 2147483647;
			files = (
			);
			runOnlyForDeploymentPostprocessing = 0;
		};
/* End PBXSourcesBuildPhase section */

/* Begin PBXTargetDependency section */
		6BD1F3062DECC4F900B7C7E1 /* PBXTargetDependency */ = {
			isa = PBXTargetDependency;
			target = 6BD1F2F22DECC4F800B7C7E1 /* Domori */;
			targetProxy = 6BD1F3052DECC4F900B7C7E1 /* PBXContainerItemProxy */;
		};
		6BD1F3102DECC4F900B7C7E1 /* PBXTargetDependency */ = {
			isa = PBXTargetDependency;
			target = 6BD1F2F22DECC4F800B7C7E1 /* Domori */;
			targetProxy = 6BD1F30F2DECC4F900B7C7E1 /* PBXContainerItemProxy */;
		};
/* End PBXTargetDependency section */

/* Begin XCBuildConfiguration section */
		6BD1F3182DECC4F900B7C7E1 /* Debug */ = {
			isa = XCBuildConfiguration;
			buildSettings = {
				ASSETCATALOG_COMPILER_APPICON_NAME = AppIcon;
				ASSETCATALOG_COMPILER_GLOBAL_ACCENT_COLOR_NAME = AccentColor;
				CODE_SIGN_ENTITLEMENTS = Domori/Domori.entitlements;
				CODE_SIGN_STYLE = Automatic;
				CURRENT_PROJECT_VERSION = 64;
				DEVELOPMENT_TEAM = A7Q83J6LR4;
				ENABLE_HARDENED_RUNTIME = YES;
				ENABLE_PREVIEWS = YES;
				GENERATE_INFOPLIST_FILE = YES;
				INFOPLIST_FILE = Domori/Info.plist;
				INFOPLIST_KEY_CFBundleDisplayName = Domori;
				INFOPLIST_KEY_ITSAppUsesNonExemptEncryption = NO;
				INFOPLIST_KEY_LSApplicationCategoryType = "public.app-category.business";
				"INFOPLIST_KEY_UIApplicationSceneManifest_Generation[sdk=iphoneos*]" = YES;
				"INFOPLIST_KEY_UIApplicationSceneManifest_Generation[sdk=iphonesimulator*]" = YES;
				"INFOPLIST_KEY_UIApplicationSupportsIndirectInputEvents[sdk=iphoneos*]" = YES;
				"INFOPLIST_KEY_UIApplicationSupportsIndirectInputEvents[sdk=iphonesimulator*]" = YES;
				"INFOPLIST_KEY_UILaunchScreen_Generation[sdk=iphoneos*]" = YES;
				"INFOPLIST_KEY_UILaunchScreen_Generation[sdk=iphonesimulator*]" = YES;
				"INFOPLIST_KEY_UIStatusBarStyle[sdk=iphoneos*]" = UIStatusBarStyleDefault;
				"INFOPLIST_KEY_UIStatusBarStyle[sdk=iphonesimulator*]" = UIStatusBarStyleDefault;
				INFOPLIST_KEY_UISupportedInterfaceOrientations_iPad = "UIInterfaceOrientationPortrait UIInterfaceOrientationPortraitUpsideDown UIInterfaceOrientationLandscapeLeft UIInterfaceOrientationLandscapeRight";
				INFOPLIST_KEY_UISupportedInterfaceOrientations_iPhone = "UIInterfaceOrientationPortrait UIInterfaceOrientationLandscapeLeft UIInterfaceOrientationLandscapeRight";
				IPHONEOS_DEPLOYMENT_TARGET = 18.5;
				LD_RUNPATH_SEARCH_PATHS = "@executable_path/Frameworks";
				"LD_RUNPATH_SEARCH_PATHS[sdk=macosx*]" = "@executable_path/../Frameworks";
				MACOSX_DEPLOYMENT_TARGET = 14.0;
				MARKETING_VERSION = 1.3.5;
				PRODUCT_BUNDLE_IDENTIFIER = fardavide.Domori;
				PRODUCT_NAME = "$(TARGET_NAME)";
				REGISTER_APP_GROUPS = YES;
				SDKROOT = auto;
				SUPPORTED_PLATFORMS = "iphoneos iphonesimulator macosx xros xrsimulator";
				SWIFT_EMIT_LOC_STRINGS = YES;
				SWIFT_VERSION = 5.0;
				TARGETED_DEVICE_FAMILY = "1,2,7";
				XROS_DEPLOYMENT_TARGET = 2.5;
			};
			name = Debug;
		};
		6BD1F3192DECC4F900B7C7E1 /* Release */ = {
			isa = XCBuildConfiguration;
			buildSettings = {
				ASSETCATALOG_COMPILER_APPICON_NAME = AppIcon;
				ASSETCATALOG_COMPILER_GLOBAL_ACCENT_COLOR_NAME = AccentColor;
				CODE_SIGN_ENTITLEMENTS = Domori/Domori.entitlements;
				CODE_SIGN_STYLE = Automatic;
				CURRENT_PROJECT_VERSION = 64;
				DEVELOPMENT_TEAM = A7Q83J6LR4;
				ENABLE_HARDENED_RUNTIME = YES;
				ENABLE_PREVIEWS = YES;
				GENERATE_INFOPLIST_FILE = YES;
				INFOPLIST_FILE = Domori/Info.plist;
				INFOPLIST_KEY_CFBundleDisplayName = Domori;
				INFOPLIST_KEY_ITSAppUsesNonExemptEncryption = NO;
				INFOPLIST_KEY_LSApplicationCategoryType = "public.app-category.business";
				"INFOPLIST_KEY_UIApplicationSceneManifest_Generation[sdk=iphoneos*]" = YES;
				"INFOPLIST_KEY_UIApplicationSceneManifest_Generation[sdk=iphonesimulator*]" = YES;
				"INFOPLIST_KEY_UIApplicationSupportsIndirectInputEvents[sdk=iphoneos*]" = YES;
				"INFOPLIST_KEY_UIApplicationSupportsIndirectInputEvents[sdk=iphonesimulator*]" = YES;
				"INFOPLIST_KEY_UILaunchScreen_Generation[sdk=iphoneos*]" = YES;
				"INFOPLIST_KEY_UILaunchScreen_Generation[sdk=iphonesimulator*]" = YES;
				"INFOPLIST_KEY_UIStatusBarStyle[sdk=iphoneos*]" = UIStatusBarStyleDefault;
				"INFOPLIST_KEY_UIStatusBarStyle[sdk=iphonesimulator*]" = UIStatusBarStyleDefault;
				INFOPLIST_KEY_UISupportedInterfaceOrientations_iPad = "UIInterfaceOrientationPortrait UIInterfaceOrientationPortraitUpsideDown UIInterfaceOrientationLandscapeLeft UIInterfaceOrientationLandscapeRight";
				INFOPLIST_KEY_UISupportedInterfaceOrientations_iPhone = "UIInterfaceOrientationPortrait UIInterfaceOrientationLandscapeLeft UIInterfaceOrientationLandscapeRight";
				IPHONEOS_DEPLOYMENT_TARGET = 18.5;
				LD_RUNPATH_SEARCH_PATHS = "@executable_path/Frameworks";
				"LD_RUNPATH_SEARCH_PATHS[sdk=macosx*]" = "@executable_path/../Frameworks";
				MACOSX_DEPLOYMENT_TARGET = 14.0;
				MARKETING_VERSION = 1.3.5;
				PRODUCT_BUNDLE_IDENTIFIER = fardavide.Domori;
				PRODUCT_NAME = "$(TARGET_NAME)";
				REGISTER_APP_GROUPS = YES;
				SDKROOT = auto;
				SUPPORTED_PLATFORMS = "iphoneos iphonesimulator macosx xros xrsimulator";
				SWIFT_EMIT_LOC_STRINGS = YES;
				SWIFT_VERSION = 5.0;
				TARGETED_DEVICE_FAMILY = "1,2,7";
				XROS_DEPLOYMENT_TARGET = 2.5;
			};
			name = Release;
		};
		6BD1F31A2DECC4F900B7C7E1 /* Debug */ = {
			isa = XCBuildConfiguration;
			buildSettings = {
				ALWAYS_SEARCH_USER_PATHS = NO;
				ASSETCATALOG_COMPILER_GENERATE_SWIFT_ASSET_SYMBOL_EXTENSIONS = YES;
				CLANG_ANALYZER_NONNULL = YES;
				CLANG_ANALYZER_NUMBER_OBJECT_CONVERSION = YES_AGGRESSIVE;
				CLANG_CXX_LANGUAGE_STANDARD = "gnu++20";
				CLANG_ENABLE_MODULES = YES;
				CLANG_ENABLE_OBJC_ARC = YES;
				CLANG_ENABLE_OBJC_WEAK = YES;
				CLANG_WARN_BLOCK_CAPTURE_AUTORELEASING = YES;
				CLANG_WARN_BOOL_CONVERSION = YES;
				CLANG_WARN_COMMA = YES;
				CLANG_WARN_CONSTANT_CONVERSION = YES;
				CLANG_WARN_DEPRECATED_OBJC_IMPLEMENTATIONS = YES;
				CLANG_WARN_DIRECT_OBJC_ISA_USAGE = YES_ERROR;
				CLANG_WARN_DOCUMENTATION_COMMENTS = YES;
				CLANG_WARN_EMPTY_BODY = YES;
				CLANG_WARN_ENUM_CONVERSION = YES;
				CLANG_WARN_INFINITE_RECURSION = YES;
				CLANG_WARN_INT_CONVERSION = YES;
				CLANG_WARN_NON_LITERAL_NULL_CONVERSION = YES;
				CLANG_WARN_OBJC_IMPLICIT_RETAIN_SELF = YES;
				CLANG_WARN_OBJC_LITERAL_CONVERSION = YES;
				CLANG_WARN_OBJC_ROOT_CLASS = YES_ERROR;
				CLANG_WARN_QUOTED_INCLUDE_IN_FRAMEWORK_HEADER = YES;
				CLANG_WARN_RANGE_LOOP_ANALYSIS = YES;
				CLANG_WARN_STRICT_PROTOTYPES = YES;
				CLANG_WARN_SUSPICIOUS_MOVE = YES;
				CLANG_WARN_UNGUARDED_AVAILABILITY = YES_AGGRESSIVE;
				CLANG_WARN_UNREACHABLE_CODE = YES;
				CLANG_WARN__DUPLICATE_METHOD_MATCH = YES;
				COPY_PHASE_STRIP = NO;
				DEBUG_INFORMATION_FORMAT = dwarf;
				DEVELOPMENT_TEAM = A7Q83J6LR4;
				ENABLE_STRICT_OBJC_MSGSEND = YES;
				ENABLE_TESTABILITY = YES;
				ENABLE_USER_SCRIPT_SANDBOXING = YES;
				GCC_C_LANGUAGE_STANDARD = gnu17;
				GCC_DYNAMIC_NO_PIC = NO;
				GCC_NO_COMMON_BLOCKS = YES;
				GCC_OPTIMIZATION_LEVEL = 0;
				GCC_PREPROCESSOR_DEFINITIONS = (
					"DEBUG=1",
					"$(inherited)",
				);
				GCC_WARN_64_TO_32_BIT_CONVERSION = YES;
				GCC_WARN_ABOUT_RETURN_TYPE = YES_ERROR;
				GCC_WARN_UNDECLARED_SELECTOR = YES;
				GCC_WARN_UNINITIALIZED_AUTOS = YES_AGGRESSIVE;
				GCC_WARN_UNUSED_FUNCTION = YES;
				GCC_WARN_UNUSED_VARIABLE = YES;
				LOCALIZATION_PREFERS_STRING_CATALOGS = YES;
				MTL_ENABLE_DEBUG_INFO = INCLUDE_SOURCE;
				MTL_FAST_MATH = YES;
				ONLY_ACTIVE_ARCH = YES;
				SWIFT_ACTIVE_COMPILATION_CONDITIONS = "DEBUG $(inherited)";
				SWIFT_OPTIMIZATION_LEVEL = "-Onone";
			};
			name = Debug;
		};
		6BD1F31B2DECC4F900B7C7E1 /* Release */ = {
			isa = XCBuildConfiguration;
			buildSettings = {
				ALWAYS_SEARCH_USER_PATHS = NO;
				ASSETCATALOG_COMPILER_GENERATE_SWIFT_ASSET_SYMBOL_EXTENSIONS = YES;
				CLANG_ANALYZER_NONNULL = YES;
				CLANG_ANALYZER_NUMBER_OBJECT_CONVERSION = YES_AGGRESSIVE;
				CLANG_CXX_LANGUAGE_STANDARD = "gnu++20";
				CLANG_ENABLE_MODULES = YES;
				CLANG_ENABLE_OBJC_ARC = YES;
				CLANG_ENABLE_OBJC_WEAK = YES;
				CLANG_WARN_BLOCK_CAPTURE_AUTORELEASING = YES;
				CLANG_WARN_BOOL_CONVERSION = YES;
				CLANG_WARN_COMMA = YES;
				CLANG_WARN_CONSTANT_CONVERSION = YES;
				CLANG_WARN_DEPRECATED_OBJC_IMPLEMENTATIONS = YES;
				CLANG_WARN_DIRECT_OBJC_ISA_USAGE = YES_ERROR;
				CLANG_WARN_DOCUMENTATION_COMMENTS = YES;
				CLANG_WARN_EMPTY_BODY = YES;
				CLANG_WARN_ENUM_CONVERSION = YES;
				CLANG_WARN_INFINITE_RECURSION = YES;
				CLANG_WARN_INT_CONVERSION = YES;
				CLANG_WARN_NON_LITERAL_NULL_CONVERSION = YES;
				CLANG_WARN_OBJC_IMPLICIT_RETAIN_SELF = YES;
				CLANG_WARN_OBJC_LITERAL_CONVERSION = YES;
				CLANG_WARN_OBJC_ROOT_CLASS = YES_ERROR;
				CLANG_WARN_QUOTED_INCLUDE_IN_FRAMEWORK_HEADER = YES;
				CLANG_WARN_RANGE_LOOP_ANALYSIS = YES;
				CLANG_WARN_STRICT_PROTOTYPES = YES;
				CLANG_WARN_SUSPICIOUS_MOVE = YES;
				CLANG_WARN_UNGUARDED_AVAILABILITY = YES_AGGRESSIVE;
				CLANG_WARN_UNREACHABLE_CODE = YES;
				CLANG_WARN__DUPLICATE_METHOD_MATCH = YES;
				COPY_PHASE_STRIP = NO;
				DEBUG_INFORMATION_FORMAT = "dwarf-with-dsym";
				DEVELOPMENT_TEAM = A7Q83J6LR4;
				ENABLE_NS_ASSERTIONS = NO;
				ENABLE_STRICT_OBJC_MSGSEND = YES;
				ENABLE_USER_SCRIPT_SANDBOXING = YES;
				GCC_C_LANGUAGE_STANDARD = gnu17;
				GCC_NO_COMMON_BLOCKS = YES;
				GCC_WARN_64_TO_32_BIT_CONVERSION = YES;
				GCC_WARN_ABOUT_RETURN_TYPE = YES_ERROR;
				GCC_WARN_UNDECLARED_SELECTOR = YES;
				GCC_WARN_UNINITIALIZED_AUTOS = YES_AGGRESSIVE;
				GCC_WARN_UNUSED_FUNCTION = YES;
				GCC_WARN_UNUSED_VARIABLE = YES;
				LOCALIZATION_PREFERS_STRING_CATALOGS = YES;
				MTL_ENABLE_DEBUG_INFO = NO;
				MTL_FAST_MATH = YES;
				SWIFT_COMPILATION_MODE = wholemodule;
			};
			name = Release;
		};
		6BD1F31D2DECC4F900B7C7E1 /* Debug */ = {
			isa = XCBuildConfiguration;
			buildSettings = {
				BUNDLE_LOADER = "$(TEST_HOST)";
				CODE_SIGN_STYLE = Automatic;
				CURRENT_PROJECT_VERSION = 11;
				DEVELOPMENT_TEAM = A7Q83J6LR4;
				GENERATE_INFOPLIST_FILE = YES;
				IPHONEOS_DEPLOYMENT_TARGET = 18.5;
				MACOSX_DEPLOYMENT_TARGET = 15.5;
				MARKETING_VERSION = 1.0.2;
				PRODUCT_BUNDLE_IDENTIFIER = fardavide.DomoriTests;
				PRODUCT_NAME = "$(TARGET_NAME)";
				SDKROOT = auto;
				SUPPORTED_PLATFORMS = "iphoneos iphonesimulator macosx xros xrsimulator";
				SWIFT_EMIT_LOC_STRINGS = NO;
				SWIFT_VERSION = 5.0;
				TARGETED_DEVICE_FAMILY = "1,2,7";
				TEST_HOST = "$(BUILT_PRODUCTS_DIR)/Domori.app/$(BUNDLE_EXECUTABLE_FOLDER_PATH)/Domori";
				XROS_DEPLOYMENT_TARGET = 2.5;
			};
			name = Debug;
		};
		6BD1F31E2DECC4F900B7C7E1 /* Release */ = {
			isa = XCBuildConfiguration;
			buildSettings = {
				BUNDLE_LOADER = "$(TEST_HOST)";
				CODE_SIGN_STYLE = Automatic;
				CURRENT_PROJECT_VERSION = 11;
				DEVELOPMENT_TEAM = A7Q83J6LR4;
				GENERATE_INFOPLIST_FILE = YES;
				IPHONEOS_DEPLOYMENT_TARGET = 18.5;
				MACOSX_DEPLOYMENT_TARGET = 15.5;
				MARKETING_VERSION = 1.0.2;
				PRODUCT_BUNDLE_IDENTIFIER = fardavide.DomoriTests;
				PRODUCT_NAME = "$(TARGET_NAME)";
				SDKROOT = auto;
				SUPPORTED_PLATFORMS = "iphoneos iphonesimulator macosx xros xrsimulator";
				SWIFT_EMIT_LOC_STRINGS = NO;
				SWIFT_VERSION = 5.0;
				TARGETED_DEVICE_FAMILY = "1,2,7";
				TEST_HOST = "$(BUILT_PRODUCTS_DIR)/Domori.app/$(BUNDLE_EXECUTABLE_FOLDER_PATH)/Domori";
				XROS_DEPLOYMENT_TARGET = 2.5;
			};
			name = Release;
		};
		6BD1F3202DECC4F900B7C7E1 /* Debug */ = {
			isa = XCBuildConfiguration;
			buildSettings = {
				CODE_SIGN_STYLE = Automatic;
				CURRENT_PROJECT_VERSION = 11;
				DEVELOPMENT_TEAM = A7Q83J6LR4;
				GENERATE_INFOPLIST_FILE = YES;
				IPHONEOS_DEPLOYMENT_TARGET = 18.5;
				MACOSX_DEPLOYMENT_TARGET = 15.5;
				MARKETING_VERSION = 1.0.2;
				PRODUCT_BUNDLE_IDENTIFIER = fardavide.DomoriUITests;
				PRODUCT_NAME = "$(TARGET_NAME)";
				SDKROOT = auto;
				SUPPORTED_PLATFORMS = "iphoneos iphonesimulator macosx xros xrsimulator";
				SWIFT_EMIT_LOC_STRINGS = NO;
				SWIFT_VERSION = 5.0;
				TARGETED_DEVICE_FAMILY = "1,2,7";
				TEST_TARGET_NAME = Domori;
				XROS_DEPLOYMENT_TARGET = 2.5;
			};
			name = Debug;
		};
		6BD1F3212DECC4F900B7C7E1 /* Release */ = {
			isa = XCBuildConfiguration;
			buildSettings = {
				CODE_SIGN_STYLE = Automatic;
				CURRENT_PROJECT_VERSION = 11;
				DEVELOPMENT_TEAM = A7Q83J6LR4;
				GENERATE_INFOPLIST_FILE = YES;
				IPHONEOS_DEPLOYMENT_TARGET = 18.5;
				MACOSX_DEPLOYMENT_TARGET = 15.5;
				MARKETING_VERSION = 1.0.2;
				PRODUCT_BUNDLE_IDENTIFIER = fardavide.DomoriUITests;
				PRODUCT_NAME = "$(TARGET_NAME)";
				SDKROOT = auto;
				SUPPORTED_PLATFORMS = "iphoneos iphonesimulator macosx xros xrsimulator";
				SWIFT_EMIT_LOC_STRINGS = NO;
				SWIFT_VERSION = 5.0;
				TARGETED_DEVICE_FAMILY = "1,2,7";
				TEST_TARGET_NAME = Domori;
				XROS_DEPLOYMENT_TARGET = 2.5;
			};
			name = Release;
		};
/* End XCBuildConfiguration section */

/* Begin XCConfigurationList section */
		6BD1F2EE2DECC4F800B7C7E1 /* Build configuration list for PBXProject "Domori" */ = {
			isa = XCConfigurationList;
			buildConfigurations = (
				6BD1F31A2DECC4F900B7C7E1 /* Debug */,
				6BD1F31B2DECC4F900B7C7E1 /* Release */,
			);
			defaultConfigurationIsVisible = 0;
			defaultConfigurationName = Release;
		};
		6BD1F3172DECC4F900B7C7E1 /* Build configuration list for PBXNativeTarget "Domori" */ = {
			isa = XCConfigurationList;
			buildConfigurations = (
				6BD1F3182DECC4F900B7C7E1 /* Debug */,
				6BD1F3192DECC4F900B7C7E1 /* Release */,
			);
			defaultConfigurationIsVisible = 0;
			defaultConfigurationName = Release;
		};
		6BD1F31C2DECC4F900B7C7E1 /* Build configuration list for PBXNativeTarget "DomoriTests" */ = {
			isa = XCConfigurationList;
			buildConfigurations = (
				6BD1F31D2DECC4F900B7C7E1 /* Debug */,
				6BD1F31E2DECC4F900B7C7E1 /* Release */,
			);
			defaultConfigurationIsVisible = 0;
			defaultConfigurationName = Release;
		};
		6BD1F31F2DECC4F900B7C7E1 /* Build configuration list for PBXNativeTarget "DomoriUITests" */ = {
			isa = XCConfigurationList;
			buildConfigurations = (
				6BD1F3202DECC4F900B7C7E1 /* Debug */,
				6BD1F3212DECC4F900B7C7E1 /* Release */,
			);
			defaultConfigurationIsVisible = 0;
			defaultConfigurationName = Release;
		};
/* End XCConfigurationList section */

/* Begin XCRemoteSwiftPackageReference section */
		6BFBA23A2E070F50005242F4 /* XCRemoteSwiftPackageReference "firebase-ios-sdk" */ = {
			isa = XCRemoteSwiftPackageReference;
			repositoryURL = "https://github.com/firebase/firebase-ios-sdk";
			requirement = {
				kind = upToNextMajorVersion;
				minimumVersion = 11.14.0;
			};
		};
/* End XCRemoteSwiftPackageReference section */

/* Begin XCSwiftPackageProductDependency section */
		6BFBA23B2E070F50005242F4 /* FirebaseAnalyticsOnDeviceConversion */ = {
			isa = XCSwiftPackageProductDependency;
			package = 6BFBA23A2E070F50005242F4 /* XCRemoteSwiftPackageReference "firebase-ios-sdk" */;
			productName = FirebaseAnalyticsOnDeviceConversion;
		};
		6BFBA23E2E0710FA005242F4 /* FirebaseAuth */ = {
			isa = XCSwiftPackageProductDependency;
			package = 6BFBA23A2E070F50005242F4 /* XCRemoteSwiftPackageReference "firebase-ios-sdk" */;
			productName = FirebaseAuth;
		};
		6BFBA2402E0710FA005242F4 /* FirebaseCore */ = {
			isa = XCSwiftPackageProductDependency;
			package = 6BFBA23A2E070F50005242F4 /* XCRemoteSwiftPackageReference "firebase-ios-sdk" */;
			productName = FirebaseCore;
		};
		6BFBA2432E071CAF005242F4 /* FirebaseFirestore */ = {
			isa = XCSwiftPackageProductDependency;
			package = 6BFBA23A2E070F50005242F4 /* XCRemoteSwiftPackageReference "firebase-ios-sdk" */;
			productName = FirebaseFirestore;
		};
/* End XCSwiftPackageProductDependency section */
	};
	rootObject = 6BD1F2EB2DECC4F800B7C7E1 /* Project object */;
}
